// !$*UTF8*$!
{
	archiveVersion = 1;
	classes = {
	};
	objectVersion = 77;
	objects = {

/* Begin PBXContainerItemProxy section */
		E7EDC5DE2D526DD8002B5436 /* PBXContainerItemProxy */ = {
			isa = PBXContainerItemProxy;
			containerPortal = E7EDC5BF2D526DD5002B5436 /* Project object */;
			proxyType = 1;
			remoteGlobalIDString = E7EDC5C62D526DD6002B5436;
			remoteInfo = "Light - Caleb Hill";
		};
		E7EDC5E82D526DD8002B5436 /* PBXContainerItemProxy */ = {
			isa = PBXContainerItemProxy;
			containerPortal = E7EDC5BF2D526DD5002B5436 /* Project object */;
			proxyType = 1;
			remoteGlobalIDString = E7EDC5C62D526DD6002B5436;
			remoteInfo = "Light - Caleb Hill";
		};
/* End PBXContainerItemProxy section */

/* Begin PBXFileReference section */
		E7EDC5C72D526DD6002B5436 /* Light - Caleb Hill.app */ = {isa = PBXFileReference; explicitFileType = wrapper.application; includeInIndex = 0; path = "Light - Caleb Hill.app"; sourceTree = BUILT_PRODUCTS_DIR; };
		E7EDC5DD2D526DD8002B5436 /* Light - Caleb HillTests.xctest */ = {isa = PBXFileReference; explicitFileType = wrapper.cfbundle; includeInIndex = 0; path = "Light - Caleb HillTests.xctest"; sourceTree = BUILT_PRODUCTS_DIR; };
		E7EDC5E72D526DD8002B5436 /* Light - Caleb HillUITests.xctest */ = {isa = PBXFileReference; explicitFileType = wrapper.cfbundle; includeInIndex = 0; path = "Light - Caleb HillUITests.xctest"; sourceTree = BUILT_PRODUCTS_DIR; };
/* End PBXFileReference section */

/* Begin PBXFileSystemSynchronizedBuildFileExceptionSet section */
		E7EDC5EF2D526DD8002B5436 /* Exceptions for "Light - Caleb Hill" folder in "Light - Caleb Hill" target */ = {
			isa = PBXFileSystemSynchronizedBuildFileExceptionSet;
			membershipExceptions = (
				Info.plist,
			);
			target = E7EDC5C62D526DD6002B5436 /* Light - Caleb Hill */;
		};
/* End PBXFileSystemSynchronizedBuildFileExceptionSet section */

/* Begin PBXFileSystemSynchronizedRootGroup section */
		E7EDC5C92D526DD6002B5436 /* Light - Caleb Hill */ = {
			isa = PBXFileSystemSynchronizedRootGroup;
			exceptions = (
				E7EDC5EF2D526DD8002B5436 /* Exceptions for "Light - Caleb Hill" folder in "Light - Caleb Hill" target */,
			);
			path = "Light - Caleb Hill";
			sourceTree = "<group>";
		};
		E7EDC5E02D526DD8002B5436 /* Light - Caleb HillTests */ = {
			isa = PBXFileSystemSynchronizedRootGroup;
			path = "Light - Caleb HillTests";
			sourceTree = "<group>";
		};
		E7EDC5EA2D526DD8002B5436 /* Light - Caleb HillUITests */ = {
			isa = PBXFileSystemSynchronizedRootGroup;
			path = "Light - Caleb HillUITests";
			sourceTree = "<group>";
		};
/* End PBXFileSystemSynchronizedRootGroup section */

/* Begin PBXFrameworksBuildPhase section */
		E7EDC5C42D526DD6002B5436 /* Frameworks */ = {
			isa = PBXFrameworksBuildPhase;
			buildActionMask = 2147483647;
			files = (
			);
			runOnlyForDeploymentPostprocessing = 0;
		};
		E7EDC5DA2D526DD8002B5436 /* Frameworks */ = {
			isa = PBXFrameworksBuildPhase;
			buildActionMask = 2147483647;
			files = (
			);
			runOnlyForDeploymentPostprocessing = 0;
		};
		E7EDC5E42D526DD8002B5436 /* Frameworks */ = {
			isa = PBXFrameworksBuildPhase;
			buildActionMask = 2147483647;
			files = (
			);
			runOnlyForDeploymentPostprocessing = 0;
		};
/* End PBXFrameworksBuildPhase section */

/* Begin PBXGroup section */
		E7EDC5BE2D526DD5002B5436 = {
			isa = PBXGroup;
			children = (
				E7EDC5C92D526DD6002B5436 /* Light - Caleb Hill */,
				E7EDC5E02D526DD8002B5436 /* Light - Caleb HillTests */,
				E7EDC5EA2D526DD8002B5436 /* Light - Caleb HillUITests */,
				E7EDC5C82D526DD6002B5436 /* Products */,
			);
			sourceTree = "<group>";
		};
		E7EDC5C82D526DD6002B5436 /* Products */ = {
			isa = PBXGroup;
			children = (
				E7EDC5C72D526DD6002B5436 /* Light - Caleb Hill.app */,
				E7EDC5DD2D526DD8002B5436 /* Light - Caleb HillTests.xctest */,
				E7EDC5E72D526DD8002B5436 /* Light - Caleb HillUITests.xctest */,
			);
			name = Products;
			sourceTree = "<group>";
		};
/* End PBXGroup section */

/* Begin PBXNativeTarget section */
		E7EDC5C62D526DD6002B5436 /* Light - Caleb Hill */ = {
			isa = PBXNativeTarget;
			buildConfigurationList = E7EDC5F02D526DD8002B5436 /* Build configuration list for PBXNativeTarget "Light - Caleb Hill" */;
			buildPhases = (
				E7EDC5C32D526DD6002B5436 /* Sources */,
				E7EDC5C42D526DD6002B5436 /* Frameworks */,
				E7EDC5C52D526DD6002B5436 /* Resources */,
			);
			buildRules = (
			);
			dependencies = (
			);
			fileSystemSynchronizedGroups = (
				E7EDC5C92D526DD6002B5436 /* Light - Caleb Hill */,
			);
			name = "Light - Caleb Hill";
			packageProductDependencies = (
			);
			productName = "Light - Caleb Hill";
			productReference = E7EDC5C72D526DD6002B5436 /* Light - Caleb Hill.app */;
			productType = "com.apple.product-type.application";
		};
		E7EDC5DC2D526DD8002B5436 /* Light - Caleb HillTests */ = {
			isa = PBXNativeTarget;
			buildConfigurationList = E7EDC5F52D526DD8002B5436 /* Build configuration list for PBXNativeTarget "Light - Caleb HillTests" */;
			buildPhases = (
				E7EDC5D92D526DD8002B5436 /* Sources */,
				E7EDC5DA2D526DD8002B5436 /* Frameworks */,
				E7EDC5DB2D526DD8002B5436 /* Resources */,
			);
			buildRules = (
			);
			dependencies = (
				E7EDC5DF2D526DD8002B5436 /* PBXTargetDependency */,
			);
			fileSystemSynchronizedGroups = (
				E7EDC5E02D526DD8002B5436 /* Light - Caleb HillTests */,
			);
			name = "Light - Caleb HillTests";
			packageProductDependencies = (
			);
			productName = "Light - Caleb HillTests";
			productReference = E7EDC5DD2D526DD8002B5436 /* Light - Caleb HillTests.xctest */;
			productType = "com.apple.product-type.bundle.unit-test";
		};
		E7EDC5E62D526DD8002B5436 /* Light - Caleb HillUITests */ = {
			isa = PBXNativeTarget;
			buildConfigurationList = E7EDC5F82D526DD8002B5436 /* Build configuration list for PBXNativeTarget "Light - Caleb HillUITests" */;
			buildPhases = (
				E7EDC5E32D526DD8002B5436 /* Sources */,
				E7EDC5E42D526DD8002B5436 /* Frameworks */,
				E7EDC5E52D526DD8002B5436 /* Resources */,
			);
			buildRules = (
			);
			dependencies = (
				E7EDC5E92D526DD8002B5436 /* PBXTargetDependency */,
			);
			fileSystemSynchronizedGroups = (
				E7EDC5EA2D526DD8002B5436 /* Light - Caleb HillUITests */,
			);
			name = "Light - Caleb HillUITests";
			packageProductDependencies = (
			);
			productName = "Light - Caleb HillUITests";
			productReference = E7EDC5E72D526DD8002B5436 /* Light - Caleb HillUITests.xctest */;
			productType = "com.apple.product-type.bundle.ui-testing";
		};
/* End PBXNativeTarget section */

/* Begin PBXProject section */
		E7EDC5BF2D526DD5002B5436 /* Project object */ = {
			isa = PBXProject;
			attributes = {
				BuildIndependentTargetsInParallel = 1;
				LastSwiftUpdateCheck = 1620;
				LastUpgradeCheck = 1620;
				TargetAttributes = {
					E7EDC5C62D526DD6002B5436 = {
						CreatedOnToolsVersion = 16.2;
					};
					E7EDC5DC2D526DD8002B5436 = {
						CreatedOnToolsVersion = 16.2;
						TestTargetID = E7EDC5C62D526DD6002B5436;
					};
					E7EDC5E62D526DD8002B5436 = {
						CreatedOnToolsVersion = 16.2;
						TestTargetID = E7EDC5C62D526DD6002B5436;
					};
				};
			};
			buildConfigurationList = E7EDC5C22D526DD5002B5436 /* Build configuration list for PBXProject "Light - Caleb Hill" */;
			developmentRegion = en;
			hasScannedForEncodings = 0;
			knownRegions = (
				en,
				Base,
			);
			mainGroup = E7EDC5BE2D526DD5002B5436;
			minimizedProjectReferenceProxies = 1;
			preferredProjectObjectVersion = 77;
			productRefGroup = E7EDC5C82D526DD6002B5436 /* Products */;
			projectDirPath = "";
			projectRoot = "";
			targets = (
				E7EDC5C62D526DD6002B5436 /* Light - Caleb Hill */,
				E7EDC5DC2D526DD8002B5436 /* Light - Caleb HillTests */,
				E7EDC5E62D526DD8002B5436 /* Light - Caleb HillUITests */,
			);
		};
/* End PBXProject section */

/* Begin PBXResourcesBuildPhase section */
		E7EDC5C52D526DD6002B5436 /* Resources */ = {
			isa = PBXResourcesBuildPhase;
			buildActionMask = 2147483647;
			files = (
			);
			runOnlyForDeploymentPostprocessing = 0;
		};
		E7EDC5DB2D526DD8002B5436 /* Resources */ = {
			isa = PBXResourcesBuildPhase;
			buildActionMask = 2147483647;
			files = (
			);
			runOnlyForDeploymentPostprocessing = 0;
		};
		E7EDC5E52D526DD8002B5436 /* Resources */ = {
			isa = PBXResourcesBuildPhase;
			buildActionMask = 2147483647;
			files = (
			);
			runOnlyForDeploymentPostprocessing = 0;
		};
/* End PBXResourcesBuildPhase section */

/* Begin PBXSourcesBuildPhase section */
		E7EDC5C32D526DD6002B5436 /* Sources */ = {
			isa = PBXSourcesBuildPhase;
			buildActionMask = 2147483647;
			files = (
			);
			runOnlyForDeploymentPostprocessing = 0;
		};
		E7EDC5D92D526DD8002B5436 /* Sources */ = {
			isa = PBXSourcesBuildPhase;
			buildActionMask = 2147483647;
			files = (
			);
			runOnlyForDeploymentPostprocessing = 0;
		};
		E7EDC5E32D526DD8002B5436 /* Sources */ = {
			isa = PBXSourcesBuildPhase;
			buildActionMask = 2147483647;
			files = (
			);
			runOnlyForDeploymentPostprocessing = 0;
		};
/* End PBXSourcesBuildPhase section */

/* Begin PBXTargetDependency section */
		E7EDC5DF2D526DD8002B5436 /* PBXTargetDependency */ = {
			isa = PBXTargetDependency;
			target = E7EDC5C62D526DD6002B5436 /* Light - Caleb Hill */;
			targetProxy = E7EDC5DE2D526DD8002B5436 /* PBXContainerItemProxy */;
		};
		E7EDC5E92D526DD8002B5436 /* PBXTargetDependency */ = {
			isa = PBXTargetDependency;
			target = E7EDC5C62D526DD6002B5436 /* Light - Caleb Hill */;
			targetProxy = E7EDC5E82D526DD8002B5436 /* PBXContainerItemProxy */;
		};
/* End PBXTargetDependency section */

/* Begin XCBuildConfiguration section */
		E7EDC5F12D526DD8002B5436 /* Debug */ = {
			isa = XCBuildConfiguration;
			buildSettings = {
				ASSETCATALOG_COMPILER_APPICON_NAME = AppIcon;
				ASSETCATALOG_COMPILER_GLOBAL_ACCENT_COLOR_NAME = AccentColor;
				CODE_SIGN_STYLE = Automatic;
				CURRENT_PROJECT_VERSION = 1;
				GENERATE_INFOPLIST_FILE = YES;
				INFOPLIST_FILE = "Light - Caleb Hill/Info.plist";
				INFOPLIST_KEY_UIApplicationSupportsIndirectInputEvents = YES;
				INFOPLIST_KEY_UILaunchStoryboardName = LaunchScreen;
				INFOPLIST_KEY_UIMainStoryboardFile = Main;
				INFOPLIST_KEY_UISupportedInterfaceOrientations_iPad = "UIInterfaceOrientationPortrait UIInterfaceOrientationPortraitUpsideDown UIInterfaceOrientationLandscapeLeft UIInterfaceOrientationLandscapeRight";
				INFOPLIST_KEY_UISupportedInterfaceOrientations_iPhone = "UIInterfaceOrientationPortrait UIInterfaceOrientationLandscapeLeft UIInterfaceOrientationLandscapeRight";
				LD_RUNPATH_SEARCH_PATHS = (
					"$(inherited)",
					"@executable_path/Frameworks",
				);
				MARKETING_VERSION = 1.0;
				PRODUCT_BUNDLE_IDENTIFIER = "CalebHill.Light---Caleb-Hill";
				PRODUCT_NAME = "$(TARGET_NAME)";
				SWIFT_EMIT_LOC_STRINGS = YES;
				SWIFT_VERSION = 5.0;
				TARGETED_DEVICE_FAMILY = "1,2";
			};
			name = Debug;
		};
		E7EDC5F22D526DD8002B5436 /* Release */ = {
			isa = XCBuildConfiguration;
			buildSettings = {
				ASSETCATALOG_COMPILER_APPICON_NAME = AppIcon;
				ASSETCATALOG_COMPILER_GLOBAL_ACCENT_COLOR_NAME = AccentColor;
				CODE_SIGN_STYLE = Automatic;
				CURRENT_PROJECT_VERSION = 1;
				GENERATE_INFOPLIST_FILE = YES;
				INFOPLIST_FILE = "Light - Caleb Hill/Info.plist";
				INFOPLIST_KEY_UIApplicationSupportsIndirectInputEvents = YES;
				INFOPLIST_KEY_UILaunchStoryboardName = LaunchScreen;
				INFOPLIST_KEY_UIMainStoryboardFile = Main;
				INFOPLIST_KEY_UISupportedInterfaceOrientations_iPad = "UIInterfaceOrientationPortrait UIInterfaceOrientationPortraitUpsideDown UIInterfaceOrientationLandscapeLeft UIInterfaceOrientationLandscapeRight";
				INFOPLIST_KEY_UISupportedInterfaceOrientations_iPhone = "UIInterfaceOrientationPortrait UIInterfaceOrientationLandscapeLeft UIInterfaceOrientationLandscapeRight";
				LD_RUNPATH_SEARCH_PATHS = (
					"$(inherited)",
					"@executable_path/Frameworks",
				);
				MARKETING_VERSION = 1.0;
				PRODUCT_BUNDLE_IDENTIFIER = "CalebHill.Light---Caleb-Hill";
				PRODUCT_NAME = "$(TARGET_NAME)";
				SWIFT_EMIT_LOC_STRINGS = YES;
				SWIFT_VERSION = 5.0;
				TARGETED_DEVICE_FAMILY = "1,2";
			};
			name = Release;
		};
		E7EDC5F32D526DD8002B5436 /* Debug */ = {
			isa = XCBuildConfiguration;
			buildSettings = {
				ALWAYS_SEARCH_USER_PATHS = NO;
				ASSETCATALOG_COMPILER_GENERATE_SWIFT_ASSET_SYMBOL_EXTENSIONS = YES;
				CLANG_ANALYZER_NONNULL = YES;
				CLANG_ANALYZER_NUMBER_OBJECT_CONVERSION = YES_AGGRESSIVE;
				CLANG_CXX_LANGUAGE_STANDARD = "gnu++20";
				CLANG_ENABLE_MODULES = YES;
				CLANG_ENABLE_OBJC_ARC = YES;
				CLANG_ENABLE_OBJC_WEAK = YES;
				CLANG_WARN_BLOCK_CAPTURE_AUTORELEASING = YES;
				CLANG_WARN_BOOL_CONVERSION = YES;
				CLANG_WARN_COMMA = YES;
				CLANG_WARN_CONSTANT_CONVERSION = YES;
				CLANG_WARN_DEPRECATED_OBJC_IMPLEMENTATIONS = YES;
				CLANG_WARN_DIRECT_OBJC_ISA_USAGE = YES_ERROR;
				CLANG_WARN_DOCUMENTATION_COMMENTS = YES;
				CLANG_WARN_EMPTY_BODY = YES;
				CLANG_WARN_ENUM_CONVERSION = YES;
				CLANG_WARN_INFINITE_RECURSION = YES;
				CLANG_WARN_INT_CONVERSION = YES;
				CLANG_WARN_NON_LITERAL_NULL_CONVERSION = YES;
				CLANG_WARN_OBJC_IMPLICIT_RETAIN_SELF = YES;
				CLANG_WARN_OBJC_LITERAL_CONVERSION = YES;
				CLANG_WARN_OBJC_ROOT_CLASS = YES_ERROR;
				CLANG_WARN_QUOTED_INCLUDE_IN_FRAMEWORK_HEADER = YES;
				CLANG_WARN_RANGE_LOOP_ANALYSIS = YES;
				CLANG_WARN_STRICT_PROTOTYPES = YES;
				CLANG_WARN_SUSPICIOUS_MOVE = YES;
				CLANG_WARN_UNGUARDED_AVAILABILITY = YES_AGGRESSIVE;
				CLANG_WARN_UNREACHABLE_CODE = YES;
				CLANG_WARN__DUPLICATE_METHOD_MATCH = YES;
				COPY_PHASE_STRIP = NO;
				DEBUG_INFORMATION_FORMAT = dwarf;
				ENABLE_STRICT_OBJC_MSGSEND = YES;
				ENABLE_TESTABILITY = YES;
				ENABLE_USER_SCRIPT_SANDBOXING = YES;
				GCC_C_LANGUAGE_STANDARD = gnu17;
				GCC_DYNAMIC_NO_PIC = NO;
				GCC_NO_COMMON_BLOCKS = YES;
				GCC_OPTIMIZATION_LEVEL = 0;
				GCC_PREPROCESSOR_DEFINITIONS = (
					"DEBUG=1",
					"$(inherited)",
				);
				GCC_WARN_64_TO_32_BIT_CONVERSION = YES;
				GCC_WARN_ABOUT_RETURN_TYPE = YES_ERROR;
				GCC_WARN_UNDECLARED_SELECTOR = YES;
				GCC_WARN_UNINITIALIZED_AUTOS = YES_AGGRESSIVE;
				GCC_WARN_UNUSED_FUNCTION = YES;
				GCC_WARN_UNUSED_VARIABLE = YES;
				IPHONEOS_DEPLOYMENT_TARGET = 18.2;
				LOCALIZATION_PREFERS_STRING_CATALOGS = YES;
				MTL_ENABLE_DEBUG_INFO = INCLUDE_SOURCE;
				MTL_FAST_MATH = YES;
				ONLY_ACTIVE_ARCH = YES;
				SDKROOT = iphoneos;
				SWIFT_ACTIVE_COMPILATION_CONDITIONS = "DEBUG $(inherited)";
				SWIFT_OPTIMIZATION_LEVEL = "-Onone";
			};
			name = Debug;
		};
		E7EDC5F42D526DD8002B5436 /* Release */ = {
			isa = XCBuildConfiguration;
			buildSettings = {
				ALWAYS_SEARCH_USER_PATHS = NO;
				ASSETCATALOG_COMPILER_GENERATE_SWIFT_ASSET_SYMBOL_EXTENSIONS = YES;
				CLANG_ANALYZER_NONNULL = YES;
				CLANG_ANALYZER_NUMBER_OBJECT_CONVERSION = YES_AGGRESSIVE;
				CLANG_CXX_LANGUAGE_STANDARD = "gnu++20";
				CLANG_ENABLE_MODULES = YES;
				CLANG_ENABLE_OBJC_ARC = YES;
				CLANG_ENABLE_OBJC_WEAK = YES;
				CLANG_WARN_BLOCK_CAPTURE_AUTORELEASING = YES;
				CLANG_WARN_BOOL_CONVERSION = YES;
				CLANG_WARN_COMMA = YES;
				CLANG_WARN_CONSTANT_CONVERSION = YES;
				CLANG_WARN_DEPRECATED_OBJC_IMPLEMENTATIONS = YES;
				CLANG_WARN_DIRECT_OBJC_ISA_USAGE = YES_ERROR;
				CLANG_WARN_DOCUMENTATION_COMMENTS = YES;
				CLANG_WARN_EMPTY_BODY = YES;
				CLANG_WARN_ENUM_CONVERSION = YES;
				CLANG_WARN_INFINITE_RECURSION = YES;
				CLANG_WARN_INT_CONVERSION = YES;
				CLANG_WARN_NON_LITERAL_NULL_CONVERSION = YES;
				CLANG_WARN_OBJC_IMPLICIT_RETAIN_SELF = YES;
				CLANG_WARN_OBJC_LITERAL_CONVERSION = YES;
				CLANG_WARN_OBJC_ROOT_CLASS = YES_ERROR;
				CLANG_WARN_QUOTED_INCLUDE_IN_FRAMEWORK_HEADER = YES;
				CLANG_WARN_RANGE_LOOP_ANALYSIS = YES;
				CLANG_WARN_STRICT_PROTOTYPES = YES;
				CLANG_WARN_SUSPICIOUS_MOVE = YES;
				CLANG_WARN_UNGUARDED_AVAILABILITY = YES_AGGRESSIVE;
				CLANG_WARN_UNREACHABLE_CODE = YES;
				CLANG_WARN__DUPLICATE_METHOD_MATCH = YES;
				COPY_PHASE_STRIP = NO;
				DEBUG_INFORMATION_FORMAT = "dwarf-with-dsym";
				ENABLE_NS_ASSERTIONS = NO;
				ENABLE_STRICT_OBJC_MSGSEND = YES;
				ENABLE_USER_SCRIPT_SANDBOXING = YES;
				GCC_C_LANGUAGE_STANDARD = gnu17;
				GCC_NO_COMMON_BLOCKS = YES;
				GCC_WARN_64_TO_32_BIT_CONVERSION = YES;
				GCC_WARN_ABOUT_RETURN_TYPE = YES_ERROR;
				GCC_WARN_UNDECLARED_SELECTOR = YES;
				GCC_WARN_UNINITIALIZED_AUTOS = YES_AGGRESSIVE;
				GCC_WARN_UNUSED_FUNCTION = YES;
				GCC_WARN_UNUSED_VARIABLE = YES;
				IPHONEOS_DEPLOYMENT_TARGET = 18.2;
				LOCALIZATION_PREFERS_STRING_CATALOGS = YES;
				MTL_ENABLE_DEBUG_INFO = NO;
				MTL_FAST_MATH = YES;
				SDKROOT = iphoneos;
				SWIFT_COMPILATION_MODE = wholemodule;
				VALIDATE_PRODUCT = YES;
			};
			name = Release;
		};
		E7EDC5F62D526DD8002B5436 /* Debug */ = {
			isa = XCBuildConfiguration;
			buildSettings = {
				BUNDLE_LOADER = "$(TEST_HOST)";
				CODE_SIGN_STYLE = Automatic;
				CURRENT_PROJECT_VERSION = 1;
				GENERATE_INFOPLIST_FILE = YES;
				IPHONEOS_DEPLOYMENT_TARGET = 18.2;
				MARKETING_VERSION = 1.0;
				PRODUCT_BUNDLE_IDENTIFIER = "CalebHill.Light---Caleb-HillTests";
				PRODUCT_NAME = "$(TARGET_NAME)";
				SWIFT_EMIT_LOC_STRINGS = NO;
				SWIFT_VERSION = 5.0;
				TARGETED_DEVICE_FAMILY = "1,2";
				TEST_HOST = "$(BUILT_PRODUCTS_DIR)/Light - Caleb Hill.app/$(BUNDLE_EXECUTABLE_FOLDER_PATH)/Light - Caleb Hill";
			};
			name = Debug;
		};
		E7EDC5F72D526DD8002B5436 /* Release */ = {
			isa = XCBuildConfiguration;
			buildSettings = {
				BUNDLE_LOADER = "$(TEST_HOST)";
				CODE_SIGN_STYLE = Automatic;
				CURRENT_PROJECT_VERSION = 1;
				GENERATE_INFOPLIST_FILE = YES;
				IPHONEOS_DEPLOYMENT_TARGET = 18.2;
				MARKETING_VERSION = 1.0;
				PRODUCT_BUNDLE_IDENTIFIER = "CalebHill.Light---Caleb-HillTests";
				PRODUCT_NAME = "$(TARGET_NAME)";
				SWIFT_EMIT_LOC_STRINGS = NO;
				SWIFT_VERSION = 5.0;
				TARGETED_DEVICE_FAMILY = "1,2";
				TEST_HOST = "$(BUILT_PRODUCTS_DIR)/Light - Caleb Hill.app/$(BUNDLE_EXECUTABLE_FOLDER_PATH)/Light - Caleb Hill";
			};
			name = Release;
		};
		E7EDC5F92D526DD8002B5436 /* Debug */ = {
			isa = XCBuildConfiguration;
			buildSettings = {
				CODE_SIGN_STYLE = Automatic;
				CURRENT_PROJECT_VERSION = 1;
				GENERATE_INFOPLIST_FILE = YES;
				MARKETING_VERSION = 1.0;
				PRODUCT_BUNDLE_IDENTIFIER = "CalebHill.Light---Caleb-HillUITests";
				PRODUCT_NAME = "$(TARGET_NAME)";
				SWIFT_EMIT_LOC_STRINGS = NO;
				SWIFT_VERSION = 5.0;
				TARGETED_DEVICE_FAMILY = "1,2";
				TEST_TARGET_NAME = "Light - Caleb Hill";
			};
			name = Debug;
		};
		E7EDC5FA2D526DD8002B5436 /* Release */ = {
			isa = XCBuildConfiguration;
			buildSettings = {
				CODE_SIGN_STYLE = Automatic;
				CURRENT_PROJECT_VERSION = 1;
				GENERATE_INFOPLIST_FILE = YES;
				MARKETING_VERSION = 1.0;
				PRODUCT_BUNDLE_IDENTIFIER = "CalebHill.Light---Caleb-HillUITests";
				PRODUCT_NAME = "$(TARGET_NAME)";
				SWIFT_EMIT_LOC_STRINGS = NO;
				SWIFT_VERSION = 5.0;
				TARGETED_DEVICE_FAMILY = "1,2";
				TEST_TARGET_NAME = "Light - Caleb Hill";
			};
			name = Release;
		};
/* End XCBuildConfiguration section */

/* Begin XCConfigurationList section */
		E7EDC5C22D526DD5002B5436 /* Build configuration list for PBXProject "Light - Caleb Hill" */ = {
			isa = XCConfigurationList;
			buildConfigurations = (
				E7EDC5F32D526DD8002B5436 /* Debug */,
				E7EDC5F42D526DD8002B5436 /* Release */,
			);
			defaultConfigurationIsVisible = 0;
			defaultConfigurationName = Release;
		};
		E7EDC5F02D526DD8002B5436 /* Build configuration list for PBXNativeTarget "Light - Caleb Hill" */ = {
			isa = XCConfigurationList;
			buildConfigurations = (
				E7EDC5F12D526DD8002B5436 /* Debug */,
				E7EDC5F22D526DD8002B5436 /* Release */,
			);
			defaultConfigurationIsVisible = 0;
			defaultConfigurationName = Release;
		};
		E7EDC5F52D526DD8002B5436 /* Build configuration list for PBXNativeTarget "Light - Caleb HillTests" */ = {
			isa = XCConfigurationList;
			buildConfigurations = (
				E7EDC5F62D526DD8002B5436 /* Debug */,
				E7EDC5F72D526DD8002B5436 /* Release */,
			);
			defaultConfigurationIsVisible = 0;
			defaultConfigurationName = Release;
		};
		E7EDC5F82D526DD8002B5436 /* Build configuration list for PBXNativeTarget "Light - Caleb HillUITests" */ = {
			isa = XCConfigurationList;
			buildConfigurations = (
				E7EDC5F92D526DD8002B5436 /* Debug */,
				E7EDC5FA2D526DD8002B5436 /* Release */,
			);
			defaultConfigurationIsVisible = 0;
			defaultConfigurationName = Release;
		};
/* End XCConfigurationList section */
	};
	rootObject = E7EDC5BF2D526DD5002B5436 /* Project object */;
}
